
Microsoft Visual Studio Solution File, Format Version 12.00
# Visual Studio Version 16
VisualStudioVersion = 16.0.32106.194
MinimumVisualStudioVersion = 10.0.40219.1
Project("{FAE04EC0-301F-11D3-BF4B-00C04F79EFBC}") = "Assignment Management System", "Assignment Management System\Assignment Management System.csproj", "{3D754906-F16E-48E6-9C75-F495605D7105}"
EndProject
Global
	GlobalSection(SolutionConfigurationPlatforms) = preSolution
		Debug|Any CPU = Debug|Any CPU
		Release|Any CPU = Release|Any CPU
	EndGlobalSection
	GlobalSection(ProjectConfigurationPlatforms) = postSolution
		{3D754906-F16E-48E6-9C75-F495605D7105}.Debug|Any CPU.ActiveCfg = Debug|Any CPU
		{3D754906-F16E-48E6-9C75-F495605D7105}.Debug|Any CPU.Build.0 = Debug|Any CPU
		{3D754906-F16E-48E6-9C75-F495605D7105}.Release|Any CPU.ActiveCfg = Release|Any CPU
		{3D754906-F16E-48E6-9C75-F495605D7105}.Release|Any CPU.Build.0 = Release|Any CPU
	EndGlobalSection
	GlobalSection(SolutionProperties) = preSolution
		HideSolutionNode = FALSE
	EndGlobalSection
	GlobalSection(ExtensibilityGlobals) = postSolution
		SolutionGuid = {5B343CB8-391A-4C9A-B8F8-3BD7C4D72243}
	EndGlobalSection
EndGlobal
